
Microsoft Visual Studio Solution File, Format Version 12.00
# Visual Studio Version 17
VisualStudioVersion = 17.8.34601.278
MinimumVisualStudioVersion = 10.0.40219.1
Project("{2150E333-8FDC-42A3-9474-1A3956D46DE8}") = "migrations", "migrations", "{35DEDA38-9284-453D-8965-B75DF532B525}"
EndProject
Project("{2150E333-8FDC-42A3-9474-1A3956D46DE8}") = "auth-server", "auth-server", "{C2915BDE-2C07-45D6-AB74-ADAB39E7679C}"
EndProject
Project("{2150E333-8FDC-42A3-9474-1A3956D46DE8}") = "modules", "modules", "{9344597E-F9C3-48E5-BAFA-E92CA416D435}"
EndProject
Project("{2150E333-8FDC-42A3-9474-1A3956D46DE8}") = "common", "common", "{D896B645-FFE1-45A7-8689-20ADDF42B0F6}"
EndProject
Project("{2150E333-8FDC-42A3-9474-1A3956D46DE8}") = "saas", "saas", "{E9F4B0EA-950E-460C-851A-51259A8B0602}"
EndProject
Project("{2150E333-8FDC-42A3-9474-1A3956D46DE8}") = "framework", "framework", "{B9220F1E-4A6E-43ED-9715-2549BA72627F}"
EndProject
Project("{2150E333-8FDC-42A3-9474-1A3956D46DE8}") = "tenants", "tenants", "{89BF9401-9C4F-4E58-8B77-F8A7AAB4F13B}"
EndProject
Project("{9A19103F-16F7-4668-BE54-9A1E7A4F7556}") = "ZQH.Abp.Data.DbMigrator", "framework\common\LINGYUN.Abp.Data.DbMigrator\ZQH.Abp.Data.DbMigrator.csproj", "{9A7ED5A1-FCD6-4F54-9723-55E8AA2EC255}"
EndProject
Project("{9A19103F-16F7-4668-BE54-9A1E7A4F7556}") = "ZQH.MicroService.AuthServer.EntityFrameworkCore", "migrations\ZQH.MicroService.AuthServer.EntityFrameworkCore\ZQH.MicroService.AuthServer.EntityFrameworkCore.csproj", "{508BF4C9-EBEE-468F-8596-9427D4D22097}"
EndProject
Project("{9A19103F-16F7-4668-BE54-9A1E7A4F7556}") = "ZQH.MicroService.AuthServer.DbMigrator", "migrations\ZQH.MicroService.AuthServer.DbMigrator\ZQH.MicroService.AuthServer.DbMigrator.csproj", "{E2993C51-C0F1-48C8-9A11-40CB9B9EB5B9}"
EndProject
Project("{2150E333-8FDC-42A3-9474-1A3956D46DE8}") = "identity", "identity", "{B8310A15-F3D2-44F3-95C0-C9287F854637}"
EndProject
Project("{2150E333-8FDC-42A3-9474-1A3956D46DE8}") = "authorization", "authorization", "{72C4E22D-86C9-4E3A-8A4F-F6D75C8D1DCE}"
EndProject
Project("{2150E333-8FDC-42A3-9474-1A3956D46DE8}") = "text-templating", "text-templating", "{C5602EAA-7B4D-469C-8E89-6D7C17C6FDC6}"
EndProject
Project("{2150E333-8FDC-42A3-9474-1A3956D46DE8}") = "auditing", "auditing", "{C6DD6096-1701-4C10-BDCC-5710F0C6E705}"
EndProject
Project("{9A19103F-16F7-4668-BE54-9A1E7A4F7556}") = "ZQH.Abp.AuditLogging", "framework\auditing\ZQH.Abp.AuditLogging\ZQH.Abp.AuditLogging.csproj", "{F11DFFC8-D86C-4E04-BD4C-F473538FFA45}"
EndProject
Project("{9A19103F-16F7-4668-BE54-9A1E7A4F7556}") = "ZQH.Abp.AuditLogging.Elasticsearch", "framework\auditing\ZQH.Abp.AuditLogging.Elasticsearch\ZQH.Abp.AuditLogging.Elasticsearch.csproj", "{557BDBA1-97DE-43F0-AF15-E06C0A4E8DAF}"
EndProject
Project("{9A19103F-16F7-4668-BE54-9A1E7A4F7556}") = "ZQH.Abp.AuditLogging.EntityFrameworkCore", "framework\auditing\ZQH.Abp.AuditLogging.EntityFrameworkCore\ZQH.Abp.AuditLogging.EntityFrameworkCore.csproj", "{3382FD58-70FF-4C08-8EA2-0067B0F3F418}"
EndProject
Project("{2150E333-8FDC-42A3-9474-1A3956D46DE8}") = "elasticsearch", "elasticsearch", "{D1AEB34C-B2A4-4868-A727-0A87B6058067}"
EndProject
Project("{9A19103F-16F7-4668-BE54-9A1E7A4F7556}") = "ZQH.Abp.Elasticsearch", "framework\elasticsearch\ZQH.Abp.Elasticsearch\ZQH.Abp.Elasticsearch.csproj", "{A428DC07-E9DE-4269-8E8C-6754C8DA9746}"
EndProject
Project("{9A19103F-16F7-4668-BE54-9A1E7A4F7556}") = "ZQH.Abp.MultiTenancy.Editions", "framework\tenants\ZQH.Abp.MultiTenancy.Editions\ZQH.Abp.MultiTenancy.Editions.csproj", "{F0DBC229-FA58-45B5-A9FC-2B95BB7769C4}"
EndProject
Project("{2150E333-8FDC-42A3-9474-1A3956D46DE8}") = "platform", "platform", "{BEEB3BFB-6383-4410-8A4B-95B0AE21C401}"
EndProject
Project("{9A19103F-16F7-4668-BE54-9A1E7A4F7556}") = "ZQH.MicroService.Platform.DbMigrator", "migrations\ZQH.MicroService.Platform.DbMigrator\ZQH.MicroService.Platform.DbMigrator.csproj", "{0242A35E-7EEB-471A-B647-EF32BD13F22B}"
EndProject
Project("{9A19103F-16F7-4668-BE54-9A1E7A4F7556}") = "ZQH.MicroService.Platform.EntityFrameworkCore", "migrations\ZQH.MicroService.Platform.EntityFrameworkCore\ZQH.MicroService.Platform.EntityFrameworkCore.csproj", "{325CCF7D-303E-4E13-BD2E-7377A4F477D5}"
EndProject
Project("{2150E333-8FDC-42A3-9474-1A3956D46DE8}") = "platform", "platform", "{4AF93242-4990-4798-9825-7B51CA454477}"
EndProject
Project("{9A19103F-16F7-4668-BE54-9A1E7A4F7556}") = "ZQH.Abp.UI.Navigation.VueVbenAdmin", "modules\platform\ZQH.Abp.UI.Navigation.VueVbenAdmin\ZQH.Abp.UI.Navigation.VueVbenAdmin.csproj", "{6D0C7177-F829-4236-8630-A068B3D0FA9A}"
EndProject
Project("{9A19103F-16F7-4668-BE54-9A1E7A4F7556}") = "ZQH.Platform.Application", "modules\platform\ZQH.Platform.Application\ZQH.Platform.Application.csproj", "{AAC87CF3-BD8F-4D85-A48F-03454D323C50}"
EndProject
Project("{9A19103F-16F7-4668-BE54-9A1E7A4F7556}") = "ZQH.Platform.Application.Contracts", "modules\platform\ZQH.Platform.Application.Contracts\ZQH.Platform.Application.Contracts.csproj", "{4978DB2F-CC49-4DA3-8B5D-E691C461B903}"
EndProject
Project("{9A19103F-16F7-4668-BE54-9A1E7A4F7556}") = "ZQH.Platform.Domain", "modules\platform\ZQH.Platform.Domain\ZQH.Platform.Domain.csproj", "{CC0966CF-E731-47B9-B3D6-100F0ADF8720}"
EndProject
Project("{9A19103F-16F7-4668-BE54-9A1E7A4F7556}") = "ZQH.Platform.Domain.Shared", "modules\platform\ZQH.Platform.Domain.Shared\ZQH.Platform.Domain.Shared.csproj", "{200A0CBD-0538-463D-B54A-1904D3C6D214}"
EndProject
Project("{9A19103F-16F7-4668-BE54-9A1E7A4F7556}") = "ZQH.Platform.EntityFrameworkCore", "modules\platform\ZQH.Platform.EntityFrameworkCore\ZQH.Platform.EntityFrameworkCore.csproj", "{8AFDC166-F89A-4D7A-BBDF-F118E8DB09E2}"
EndProject
Project("{9A19103F-16F7-4668-BE54-9A1E7A4F7556}") = "ZQH.Platform.HttpApi", "modules\platform\ZQH.Platform.HttpApi\ZQH.Platform.HttpApi.csproj", "{1883B78D-3F93-4AA1-B355-44FABB6EB68D}"
EndProject
Project("{9A19103F-16F7-4668-BE54-9A1E7A4F7556}") = "ZQH.Platform.Settings.VueVbenAdmin", "modules\platform\ZQH.Platform.Settings.VueVbenAdmin\ZQH.Platform.Settings.VueVbenAdmin.csproj", "{C1C93407-5910-48A5-B865-4E900EA068AC}"
EndProject
Project("{9A19103F-16F7-4668-BE54-9A1E7A4F7556}") = "ZQH.Platform.Theme.VueVbenAdmin", "modules\platform\ZQH.Platform.Theme.VueVbenAdmin\ZQH.Platform.Theme.VueVbenAdmin.csproj", "{FEC493FA-B3CF-4604-A613-25543AAE8FA0}"
EndProject
Project("{2150E333-8FDC-42A3-9474-1A3956D46DE8}") = "navigation", "navigation", "{0D073D5F-149A-4CDD-B023-FB49A58685D1}"
EndProject
Project("{9A19103F-16F7-4668-BE54-9A1E7A4F7556}") = "ZQH.Abp.UI.Navigation", "framework\navigation\ZQH.Abp.UI.Navigation\ZQH.Abp.UI.Navigation.csproj", "{7705C507-579A-411D-86F1-C8C17A9E05D6}"
EndProject
Project("{9A19103F-16F7-4668-BE54-9A1E7A4F7556}") = "ZQH.Abp.Authorization.OrganizationUnits", "framework\authorization\ZQH.Abp.Authorization.OrganizationUnits\ZQH.Abp.Authorization.OrganizationUnits.csproj", "{9F871044-3295-4526-880F-AD4FD5199A9A}"
EndProject
Project("{9A19103F-16F7-4668-BE54-9A1E7A4F7556}") = "ZQH.Abp.Identity.Domain.Shared", "modules\identity\ZQH.Abp.Identity.Domain.Shared\ZQH.Abp.Identity.Domain.Shared.csproj", "{0539F852-E069-40E2-B262-41661BB11BE1}"
EndProject
Project("{9A19103F-16F7-4668-BE54-9A1E7A4F7556}") = "ZQH.Abp.Identity.Domain", "modules\identity\ZQH.Abp.Identity.Domain\ZQH.Abp.Identity.Domain.csproj", "{93EDC214-33C3-4440-96D4-47148701FBB0}"
EndProject
Project("{9A19103F-16F7-4668-BE54-9A1E7A4F7556}") = "ZQH.Abp.Identity.Application.Contracts", "modules\identity\ZQH.Abp.Identity.Application.Contracts\ZQH.Abp.Identity.Application.Contracts.csproj", "{3566A81F-7D19-4CED-ADA4-8667F5EB5D2A}"
EndProject
Project("{9A19103F-16F7-4668-BE54-9A1E7A4F7556}") = "ZQH.Abp.Identity.Application", "modules\identity\ZQH.Abp.Identity.Application\ZQH.Abp.Identity.Application.csproj", "{3CDE7017-9930-4488-A76D-10BD968F0E6E}"
EndProject
Project("{9A19103F-16F7-4668-BE54-9A1E7A4F7556}") = "ZQH.Abp.Identity.EntityFrameworkCore", "modules\identity\ZQH.Abp.Identity.EntityFrameworkCore\ZQH.Abp.Identity.EntityFrameworkCore.csproj", "{56F28DAB-BC8F-4870-89AB-434BB7F7BA36}"
EndProject
Project("{9A19103F-16F7-4668-BE54-9A1E7A4F7556}") = "ZQH.Abp.Identity.HttpApi", "modules\identity\ZQH.Abp.Identity.HttpApi\ZQH.Abp.Identity.HttpApi.csproj", "{D58CBAE0-467A-470F-9E67-1568C84A7E71}"
EndProject
Project("{9A19103F-16F7-4668-BE54-9A1E7A4F7556}") = "ZQH.Abp.Identity.HttpApi.Client", "modules\identity\ZQH.Abp.Identity.HttpApi.Client\ZQH.Abp.Identity.HttpApi.Client.csproj", "{4429A3A4-B79C-46D4-8EA4-FCA0616ACC20}"
EndProject
Project("{9A19103F-16F7-4668-BE54-9A1E7A4F7556}") = "ZQH.Abp.Identity.OrganizaztionUnits", "modules\identity\ZQH.Abp.Identity.OrganizaztionUnits\ZQH.Abp.Identity.OrganizaztionUnits.csproj", "{7A9D8056-DC1C-4AC5-A03E-F4766DBC3681}"
EndProject
Project("{9A19103F-16F7-4668-BE54-9A1E7A4F7556}") = "ZQH.Abp.Saas.Domain.Shared", "modules\saas\ZQH.Abp.Saas.Domain.Shared\ZQH.Abp.Saas.Domain.Shared.csproj", "{410FEB91-3D47-4D16-A8D6-5F80FF39C2DD}"
EndProject
Project("{9A19103F-16F7-4668-BE54-9A1E7A4F7556}") = "ZQH.Abp.Saas.Domain", "modules\saas\ZQH.Abp.Saas.Domain\ZQH.Abp.Saas.Domain.csproj", "{76C77F8A-6B99-4716-9886-A829FCB7770C}"
EndProject
Project("{9A19103F-16F7-4668-BE54-9A1E7A4F7556}") = "ZQH.Abp.Saas.Application.Contracts", "modules\saas\ZQH.Abp.Saas.Application.Contracts\ZQH.Abp.Saas.Application.Contracts.csproj", "{FB2EC8AF-1CD5-48B5-859D-224EFF32348E}"
EndProject
Project("{9A19103F-16F7-4668-BE54-9A1E7A4F7556}") = "ZQH.Abp.Saas.EntityFrameworkCore", "modules\saas\ZQH.Abp.Saas.EntityFrameworkCore\ZQH.Abp.Saas.EntityFrameworkCore.csproj", "{48D353BC-8A5F-43DD-9031-95730F240A0D}"
EndProject
Project("{9A19103F-16F7-4668-BE54-9A1E7A4F7556}") = "ZQH.Abp.Saas.HttpApi.Client", "modules\saas\ZQH.Abp.Saas.HttpApi.Client\ZQH.Abp.Saas.HttpApi.Client.csproj", "{D5710C85-5042-4AE9-91A1-F122DCF19BD0}"
EndProject
Project("{9A19103F-16F7-4668-BE54-9A1E7A4F7556}") = "ZQH.Abp.TextTemplating.Domain.Shared", "modules\text-templating\ZQH.Abp.TextTemplating.Domain.Shared\ZQH.Abp.TextTemplating.Domain.Shared.csproj", "{477ED60B-9B18-4FD9-AF65-CEFDAF3C323A}"
EndProject
Project("{9A19103F-16F7-4668-BE54-9A1E7A4F7556}") = "ZQH.Abp.TextTemplating.Domain", "modules\text-templating\ZQH.Abp.TextTemplating.Domain\ZQH.Abp.TextTemplating.Domain.csproj", "{43FB0847-0F5E-41A4-8480-228788F06959}"
EndProject
Project("{9A19103F-16F7-4668-BE54-9A1E7A4F7556}") = "ZQH.Abp.TextTemplating.EntityFrameworkCore", "modules\text-templating\ZQH.Abp.TextTemplating.EntityFrameworkCore\ZQH.Abp.TextTemplating.EntityFrameworkCore.csproj", "{96F1AA5B-AF18-41E8-B87C-6193BDA9F882}"
EndProject
Global
	GlobalSection(SolutionConfigurationPlatforms) = preSolution
		Debug|Any CPU = Debug|Any CPU
		Release|Any CPU = Release|Any CPU
	EndGlobalSection
	GlobalSection(ProjectConfigurationPlatforms) = postSolution
		{9A7ED5A1-FCD6-4F54-9723-55E8AA2EC255}.Debug|Any CPU.ActiveCfg = Debug|Any CPU
		{9A7ED5A1-FCD6-4F54-9723-55E8AA2EC255}.Debug|Any CPU.Build.0 = Debug|Any CPU
		{9A7ED5A1-FCD6-4F54-9723-55E8AA2EC255}.Release|Any CPU.ActiveCfg = Release|Any CPU
		{9A7ED5A1-FCD6-4F54-9723-55E8AA2EC255}.Release|Any CPU.Build.0 = Release|Any CPU
		{508BF4C9-EBEE-468F-8596-9427D4D22097}.Debug|Any CPU.ActiveCfg = Debug|Any CPU
		{508BF4C9-EBEE-468F-8596-9427D4D22097}.Debug|Any CPU.Build.0 = Debug|Any CPU
		{508BF4C9-EBEE-468F-8596-9427D4D22097}.Release|Any CPU.ActiveCfg = Release|Any CPU
		{508BF4C9-EBEE-468F-8596-9427D4D22097}.Release|Any CPU.Build.0 = Release|Any CPU
		{E2993C51-C0F1-48C8-9A11-40CB9B9EB5B9}.Debug|Any CPU.ActiveCfg = Debug|Any CPU
		{E2993C51-C0F1-48C8-9A11-40CB9B9EB5B9}.Debug|Any CPU.Build.0 = Debug|Any CPU
		{E2993C51-C0F1-48C8-9A11-40CB9B9EB5B9}.Release|Any CPU.ActiveCfg = Release|Any CPU
		{E2993C51-C0F1-48C8-9A11-40CB9B9EB5B9}.Release|Any CPU.Build.0 = Release|Any CPU
		{F11DFFC8-D86C-4E04-BD4C-F473538FFA45}.Debug|Any CPU.ActiveCfg = Debug|Any CPU
		{F11DFFC8-D86C-4E04-BD4C-F473538FFA45}.Debug|Any CPU.Build.0 = Debug|Any CPU
		{F11DFFC8-D86C-4E04-BD4C-F473538FFA45}.Release|Any CPU.ActiveCfg = Release|Any CPU
		{F11DFFC8-D86C-4E04-BD4C-F473538FFA45}.Release|Any CPU.Build.0 = Release|Any CPU
		{557BDBA1-97DE-43F0-AF15-E06C0A4E8DAF}.Debug|Any CPU.ActiveCfg = Debug|Any CPU
		{557BDBA1-97DE-43F0-AF15-E06C0A4E8DAF}.Debug|Any CPU.Build.0 = Debug|Any CPU
		{557BDBA1-97DE-43F0-AF15-E06C0A4E8DAF}.Release|Any CPU.ActiveCfg = Release|Any CPU
		{557BDBA1-97DE-43F0-AF15-E06C0A4E8DAF}.Release|Any CPU.Build.0 = Release|Any CPU
		{3382FD58-70FF-4C08-8EA2-0067B0F3F418}.Debug|Any CPU.ActiveCfg = Debug|Any CPU
		{3382FD58-70FF-4C08-8EA2-0067B0F3F418}.Debug|Any CPU.Build.0 = Debug|Any CPU
		{3382FD58-70FF-4C08-8EA2-0067B0F3F418}.Release|Any CPU.ActiveCfg = Release|Any CPU
		{3382FD58-70FF-4C08-8EA2-0067B0F3F418}.Release|Any CPU.Build.0 = Release|Any CPU
		{A428DC07-E9DE-4269-8E8C-6754C8DA9746}.Debug|Any CPU.ActiveCfg = Debug|Any CPU
		{A428DC07-E9DE-4269-8E8C-6754C8DA9746}.Debug|Any CPU.Build.0 = Debug|Any CPU
		{A428DC07-E9DE-4269-8E8C-6754C8DA9746}.Release|Any CPU.ActiveCfg = Release|Any CPU
		{A428DC07-E9DE-4269-8E8C-6754C8DA9746}.Release|Any CPU.Build.0 = Release|Any CPU
		{F0DBC229-FA58-45B5-A9FC-2B95BB7769C4}.Debug|Any CPU.ActiveCfg = Debug|Any CPU
		{F0DBC229-FA58-45B5-A9FC-2B95BB7769C4}.Debug|Any CPU.Build.0 = Debug|Any CPU
		{F0DBC229-FA58-45B5-A9FC-2B95BB7769C4}.Release|Any CPU.ActiveCfg = Release|Any CPU
		{F0DBC229-FA58-45B5-A9FC-2B95BB7769C4}.Release|Any CPU.Build.0 = Release|Any CPU
		{0242A35E-7EEB-471A-B647-EF32BD13F22B}.Debug|Any CPU.ActiveCfg = Debug|Any CPU
		{0242A35E-7EEB-471A-B647-EF32BD13F22B}.Debug|Any CPU.Build.0 = Debug|Any CPU
		{0242A35E-7EEB-471A-B647-EF32BD13F22B}.Release|Any CPU.ActiveCfg = Release|Any CPU
		{0242A35E-7EEB-471A-B647-EF32BD13F22B}.Release|Any CPU.Build.0 = Release|Any CPU
		{325CCF7D-303E-4E13-BD2E-7377A4F477D5}.Debug|Any CPU.ActiveCfg = Debug|Any CPU
		{325CCF7D-303E-4E13-BD2E-7377A4F477D5}.Debug|Any CPU.Build.0 = Debug|Any CPU
		{325CCF7D-303E-4E13-BD2E-7377A4F477D5}.Release|Any CPU.ActiveCfg = Release|Any CPU
		{325CCF7D-303E-4E13-BD2E-7377A4F477D5}.Release|Any CPU.Build.0 = Release|Any CPU
		{6D0C7177-F829-4236-8630-A068B3D0FA9A}.Debug|Any CPU.ActiveCfg = Debug|Any CPU
		{6D0C7177-F829-4236-8630-A068B3D0FA9A}.Debug|Any CPU.Build.0 = Debug|Any CPU
		{6D0C7177-F829-4236-8630-A068B3D0FA9A}.Release|Any CPU.ActiveCfg = Release|Any CPU
		{6D0C7177-F829-4236-8630-A068B3D0FA9A}.Release|Any CPU.Build.0 = Release|Any CPU
		{AAC87CF3-BD8F-4D85-A48F-03454D323C50}.Debug|Any CPU.ActiveCfg = Debug|Any CPU
		{AAC87CF3-BD8F-4D85-A48F-03454D323C50}.Debug|Any CPU.Build.0 = Debug|Any CPU
		{AAC87CF3-BD8F-4D85-A48F-03454D323C50}.Release|Any CPU.ActiveCfg = Release|Any CPU
		{AAC87CF3-BD8F-4D85-A48F-03454D323C50}.Release|Any CPU.Build.0 = Release|Any CPU
		{4978DB2F-CC49-4DA3-8B5D-E691C461B903}.Debug|Any CPU.ActiveCfg = Debug|Any CPU
		{4978DB2F-CC49-4DA3-8B5D-E691C461B903}.Debug|Any CPU.Build.0 = Debug|Any CPU
		{4978DB2F-CC49-4DA3-8B5D-E691C461B903}.Release|Any CPU.ActiveCfg = Release|Any CPU
		{4978DB2F-CC49-4DA3-8B5D-E691C461B903}.Release|Any CPU.Build.0 = Release|Any CPU
		{CC0966CF-E731-47B9-B3D6-100F0ADF8720}.Debug|Any CPU.ActiveCfg = Debug|Any CPU
		{CC0966CF-E731-47B9-B3D6-100F0ADF8720}.Debug|Any CPU.Build.0 = Debug|Any CPU
		{CC0966CF-E731-47B9-B3D6-100F0ADF8720}.Release|Any CPU.ActiveCfg = Release|Any CPU
		{CC0966CF-E731-47B9-B3D6-100F0ADF8720}.Release|Any CPU.Build.0 = Release|Any CPU
		{200A0CBD-0538-463D-B54A-1904D3C6D214}.Debug|Any CPU.ActiveCfg = Debug|Any CPU
		{200A0CBD-0538-463D-B54A-1904D3C6D214}.Debug|Any CPU.Build.0 = Debug|Any CPU
		{200A0CBD-0538-463D-B54A-1904D3C6D214}.Release|Any CPU.ActiveCfg = Release|Any CPU
		{200A0CBD-0538-463D-B54A-1904D3C6D214}.Release|Any CPU.Build.0 = Release|Any CPU
		{8AFDC166-F89A-4D7A-BBDF-F118E8DB09E2}.Debug|Any CPU.ActiveCfg = Debug|Any CPU
		{8AFDC166-F89A-4D7A-BBDF-F118E8DB09E2}.Debug|Any CPU.Build.0 = Debug|Any CPU
		{8AFDC166-F89A-4D7A-BBDF-F118E8DB09E2}.Release|Any CPU.ActiveCfg = Release|Any CPU
		{8AFDC166-F89A-4D7A-BBDF-F118E8DB09E2}.Release|Any CPU.Build.0 = Release|Any CPU
		{1883B78D-3F93-4AA1-B355-44FABB6EB68D}.Debug|Any CPU.ActiveCfg = Debug|Any CPU
		{1883B78D-3F93-4AA1-B355-44FABB6EB68D}.Debug|Any CPU.Build.0 = Debug|Any CPU
		{1883B78D-3F93-4AA1-B355-44FABB6EB68D}.Release|Any CPU.ActiveCfg = Release|Any CPU
		{1883B78D-3F93-4AA1-B355-44FABB6EB68D}.Release|Any CPU.Build.0 = Release|Any CPU
		{C1C93407-5910-48A5-B865-4E900EA068AC}.Debug|Any CPU.ActiveCfg = Debug|Any CPU
		{C1C93407-5910-48A5-B865-4E900EA068AC}.Debug|Any CPU.Build.0 = Debug|Any CPU
		{C1C93407-5910-48A5-B865-4E900EA068AC}.Release|Any CPU.ActiveCfg = Release|Any CPU
		{C1C93407-5910-48A5-B865-4E900EA068AC}.Release|Any CPU.Build.0 = Release|Any CPU
		{FEC493FA-B3CF-4604-A613-25543AAE8FA0}.Debug|Any CPU.ActiveCfg = Debug|Any CPU
		{FEC493FA-B3CF-4604-A613-25543AAE8FA0}.Debug|Any CPU.Build.0 = Debug|Any CPU
		{FEC493FA-B3CF-4604-A613-25543AAE8FA0}.Release|Any CPU.ActiveCfg = Release|Any CPU
		{FEC493FA-B3CF-4604-A613-25543AAE8FA0}.Release|Any CPU.Build.0 = Release|Any CPU
		{7705C507-579A-411D-86F1-C8C17A9E05D6}.Debug|Any CPU.ActiveCfg = Debug|Any CPU
		{7705C507-579A-411D-86F1-C8C17A9E05D6}.Debug|Any CPU.Build.0 = Debug|Any CPU
		{7705C507-579A-411D-86F1-C8C17A9E05D6}.Release|Any CPU.ActiveCfg = Release|Any CPU
		{7705C507-579A-411D-86F1-C8C17A9E05D6}.Release|Any CPU.Build.0 = Release|Any CPU
		{9F871044-3295-4526-880F-AD4FD5199A9A}.Debug|Any CPU.ActiveCfg = Debug|Any CPU
		{9F871044-3295-4526-880F-AD4FD5199A9A}.Debug|Any CPU.Build.0 = Debug|Any CPU
		{9F871044-3295-4526-880F-AD4FD5199A9A}.Release|Any CPU.ActiveCfg = Release|Any CPU
		{9F871044-3295-4526-880F-AD4FD5199A9A}.Release|Any CPU.Build.0 = Release|Any CPU
		{0539F852-E069-40E2-B262-41661BB11BE1}.Debug|Any CPU.ActiveCfg = Debug|Any CPU
		{0539F852-E069-40E2-B262-41661BB11BE1}.Debug|Any CPU.Build.0 = Debug|Any CPU
		{0539F852-E069-40E2-B262-41661BB11BE1}.Release|Any CPU.ActiveCfg = Release|Any CPU
		{0539F852-E069-40E2-B262-41661BB11BE1}.Release|Any CPU.Build.0 = Release|Any CPU
		{93EDC214-33C3-4440-96D4-47148701FBB0}.Debug|Any CPU.ActiveCfg = Debug|Any CPU
		{93EDC214-33C3-4440-96D4-47148701FBB0}.Debug|Any CPU.Build.0 = Debug|Any CPU
		{93EDC214-33C3-4440-96D4-47148701FBB0}.Release|Any CPU.ActiveCfg = Release|Any CPU
		{93EDC214-33C3-4440-96D4-47148701FBB0}.Release|Any CPU.Build.0 = Release|Any CPU
		{3566A81F-7D19-4CED-ADA4-8667F5EB5D2A}.Debug|Any CPU.ActiveCfg = Debug|Any CPU
		{3566A81F-7D19-4CED-ADA4-8667F5EB5D2A}.Debug|Any CPU.Build.0 = Debug|Any CPU
		{3566A81F-7D19-4CED-ADA4-8667F5EB5D2A}.Release|Any CPU.ActiveCfg = Release|Any CPU
		{3566A81F-7D19-4CED-ADA4-8667F5EB5D2A}.Release|Any CPU.Build.0 = Release|Any CPU
		{3CDE7017-9930-4488-A76D-10BD968F0E6E}.Debug|Any CPU.ActiveCfg = Debug|Any CPU
		{3CDE7017-9930-4488-A76D-10BD968F0E6E}.Debug|Any CPU.Build.0 = Debug|Any CPU
		{3CDE7017-9930-4488-A76D-10BD968F0E6E}.Release|Any CPU.ActiveCfg = Release|Any CPU
		{3CDE7017-9930-4488-A76D-10BD968F0E6E}.Release|Any CPU.Build.0 = Release|Any CPU
		{56F28DAB-BC8F-4870-89AB-434BB7F7BA36}.Debug|Any CPU.ActiveCfg = Debug|Any CPU
		{56F28DAB-BC8F-4870-89AB-434BB7F7BA36}.Debug|Any CPU.Build.0 = Debug|Any CPU
		{56F28DAB-BC8F-4870-89AB-434BB7F7BA36}.Release|Any CPU.ActiveCfg = Release|Any CPU
		{56F28DAB-BC8F-4870-89AB-434BB7F7BA36}.Release|Any CPU.Build.0 = Release|Any CPU
		{D58CBAE0-467A-470F-9E67-1568C84A7E71}.Debug|Any CPU.ActiveCfg = Debug|Any CPU
		{D58CBAE0-467A-470F-9E67-1568C84A7E71}.Debug|Any CPU.Build.0 = Debug|Any CPU
		{D58CBAE0-467A-470F-9E67-1568C84A7E71}.Release|Any CPU.ActiveCfg = Release|Any CPU
		{D58CBAE0-467A-470F-9E67-1568C84A7E71}.Release|Any CPU.Build.0 = Release|Any CPU
		{4429A3A4-B79C-46D4-8EA4-FCA0616ACC20}.Debug|Any CPU.ActiveCfg = Debug|Any CPU
		{4429A3A4-B79C-46D4-8EA4-FCA0616ACC20}.Debug|Any CPU.Build.0 = Debug|Any CPU
		{4429A3A4-B79C-46D4-8EA4-FCA0616ACC20}.Release|Any CPU.ActiveCfg = Release|Any CPU
		{4429A3A4-B79C-46D4-8EA4-FCA0616ACC20}.Release|Any CPU.Build.0 = Release|Any CPU
		{7A9D8056-DC1C-4AC5-A03E-F4766DBC3681}.Debug|Any CPU.ActiveCfg = Debug|Any CPU
		{7A9D8056-DC1C-4AC5-A03E-F4766DBC3681}.Debug|Any CPU.Build.0 = Debug|Any CPU
		{7A9D8056-DC1C-4AC5-A03E-F4766DBC3681}.Release|Any CPU.ActiveCfg = Release|Any CPU
		{7A9D8056-DC1C-4AC5-A03E-F4766DBC3681}.Release|Any CPU.Build.0 = Release|Any CPU
		{410FEB91-3D47-4D16-A8D6-5F80FF39C2DD}.Debug|Any CPU.ActiveCfg = Debug|Any CPU
		{410FEB91-3D47-4D16-A8D6-5F80FF39C2DD}.Debug|Any CPU.Build.0 = Debug|Any CPU
		{410FEB91-3D47-4D16-A8D6-5F80FF39C2DD}.Release|Any CPU.ActiveCfg = Release|Any CPU
		{410FEB91-3D47-4D16-A8D6-5F80FF39C2DD}.Release|Any CPU.Build.0 = Release|Any CPU
		{76C77F8A-6B99-4716-9886-A829FCB7770C}.Debug|Any CPU.ActiveCfg = Debug|Any CPU
		{76C77F8A-6B99-4716-9886-A829FCB7770C}.Debug|Any CPU.Build.0 = Debug|Any CPU
		{76C77F8A-6B99-4716-9886-A829FCB7770C}.Release|Any CPU.ActiveCfg = Release|Any CPU
		{76C77F8A-6B99-4716-9886-A829FCB7770C}.Release|Any CPU.Build.0 = Release|Any CPU
		{FB2EC8AF-1CD5-48B5-859D-224EFF32348E}.Debug|Any CPU.ActiveCfg = Debug|Any CPU
		{FB2EC8AF-1CD5-48B5-859D-224EFF32348E}.Debug|Any CPU.Build.0 = Debug|Any CPU
		{FB2EC8AF-1CD5-48B5-859D-224EFF32348E}.Release|Any CPU.ActiveCfg = Release|Any CPU
		{FB2EC8AF-1CD5-48B5-859D-224EFF32348E}.Release|Any CPU.Build.0 = Release|Any CPU
		{48D353BC-8A5F-43DD-9031-95730F240A0D}.Debug|Any CPU.ActiveCfg = Debug|Any CPU
		{48D353BC-8A5F-43DD-9031-95730F240A0D}.Debug|Any CPU.Build.0 = Debug|Any CPU
		{48D353BC-8A5F-43DD-9031-95730F240A0D}.Release|Any CPU.ActiveCfg = Release|Any CPU
		{48D353BC-8A5F-43DD-9031-95730F240A0D}.Release|Any CPU.Build.0 = Release|Any CPU
		{D5710C85-5042-4AE9-91A1-F122DCF19BD0}.Debug|Any CPU.ActiveCfg = Debug|Any CPU
		{D5710C85-5042-4AE9-91A1-F122DCF19BD0}.Debug|Any CPU.Build.0 = Debug|Any CPU
		{D5710C85-5042-4AE9-91A1-F122DCF19BD0}.Release|Any CPU.ActiveCfg = Release|Any CPU
		{D5710C85-5042-4AE9-91A1-F122DCF19BD0}.Release|Any CPU.Build.0 = Release|Any CPU
		{477ED60B-9B18-4FD9-AF65-CEFDAF3C323A}.Debug|Any CPU.ActiveCfg = Debug|Any CPU
		{477ED60B-9B18-4FD9-AF65-CEFDAF3C323A}.Debug|Any CPU.Build.0 = Debug|Any CPU
		{477ED60B-9B18-4FD9-AF65-CEFDAF3C323A}.Release|Any CPU.ActiveCfg = Release|Any CPU
		{477ED60B-9B18-4FD9-AF65-CEFDAF3C323A}.Release|Any CPU.Build.0 = Release|Any CPU
		{43FB0847-0F5E-41A4-8480-228788F06959}.Debug|Any CPU.ActiveCfg = Debug|Any CPU
		{43FB0847-0F5E-41A4-8480-228788F06959}.Debug|Any CPU.Build.0 = Debug|Any CPU
		{43FB0847-0F5E-41A4-8480-228788F06959}.Release|Any CPU.ActiveCfg = Release|Any CPU
		{43FB0847-0F5E-41A4-8480-228788F06959}.Release|Any CPU.Build.0 = Release|Any CPU
		{96F1AA5B-AF18-41E8-B87C-6193BDA9F882}.Debug|Any CPU.ActiveCfg = Debug|Any CPU
		{96F1AA5B-AF18-41E8-B87C-6193BDA9F882}.Debug|Any CPU.Build.0 = Debug|Any CPU
		{96F1AA5B-AF18-41E8-B87C-6193BDA9F882}.Release|Any CPU.ActiveCfg = Release|Any CPU
		{96F1AA5B-AF18-41E8-B87C-6193BDA9F882}.Release|Any CPU.Build.0 = Release|Any CPU
	EndGlobalSection
	GlobalSection(SolutionProperties) = preSolution
		HideSolutionNode = FALSE
	EndGlobalSection
	GlobalSection(NestedProjects) = preSolution
		{C2915BDE-2C07-45D6-AB74-ADAB39E7679C} = {35DEDA38-9284-453D-8965-B75DF532B525}
		{D896B645-FFE1-45A7-8689-20ADDF42B0F6} = {9344597E-F9C3-48E5-BAFA-E92CA416D435}
		{E9F4B0EA-950E-460C-851A-51259A8B0602} = {9344597E-F9C3-48E5-BAFA-E92CA416D435}
		{89BF9401-9C4F-4E58-8B77-F8A7AAB4F13B} = {B9220F1E-4A6E-43ED-9715-2549BA72627F}
		{9A7ED5A1-FCD6-4F54-9723-55E8AA2EC255} = {D896B645-FFE1-45A7-8689-20ADDF42B0F6}
		{508BF4C9-EBEE-468F-8596-9427D4D22097} = {C2915BDE-2C07-45D6-AB74-ADAB39E7679C}
		{E2993C51-C0F1-48C8-9A11-40CB9B9EB5B9} = {C2915BDE-2C07-45D6-AB74-ADAB39E7679C}
		{B8310A15-F3D2-44F3-95C0-C9287F854637} = {9344597E-F9C3-48E5-BAFA-E92CA416D435}
		{72C4E22D-86C9-4E3A-8A4F-F6D75C8D1DCE} = {B9220F1E-4A6E-43ED-9715-2549BA72627F}
		{C5602EAA-7B4D-469C-8E89-6D7C17C6FDC6} = {9344597E-F9C3-48E5-BAFA-E92CA416D435}
		{C6DD6096-1701-4C10-BDCC-5710F0C6E705} = {B9220F1E-4A6E-43ED-9715-2549BA72627F}
		{F11DFFC8-D86C-4E04-BD4C-F473538FFA45} = {C6DD6096-1701-4C10-BDCC-5710F0C6E705}
		{557BDBA1-97DE-43F0-AF15-E06C0A4E8DAF} = {C6DD6096-1701-4C10-BDCC-5710F0C6E705}
		{3382FD58-70FF-4C08-8EA2-0067B0F3F418} = {C6DD6096-1701-4C10-BDCC-5710F0C6E705}
		{D1AEB34C-B2A4-4868-A727-0A87B6058067} = {B9220F1E-4A6E-43ED-9715-2549BA72627F}
		{A428DC07-E9DE-4269-8E8C-6754C8DA9746} = {D1AEB34C-B2A4-4868-A727-0A87B6058067}
		{F0DBC229-FA58-45B5-A9FC-2B95BB7769C4} = {89BF9401-9C4F-4E58-8B77-F8A7AAB4F13B}
		{BEEB3BFB-6383-4410-8A4B-95B0AE21C401} = {35DEDA38-9284-453D-8965-B75DF532B525}
		{0242A35E-7EEB-471A-B647-EF32BD13F22B} = {BEEB3BFB-6383-4410-8A4B-95B0AE21C401}
		{325CCF7D-303E-4E13-BD2E-7377A4F477D5} = {BEEB3BFB-6383-4410-8A4B-95B0AE21C401}
		{4AF93242-4990-4798-9825-7B51CA454477} = {9344597E-F9C3-48E5-BAFA-E92CA416D435}
		{6D0C7177-F829-4236-8630-A068B3D0FA9A} = {4AF93242-4990-4798-9825-7B51CA454477}
		{AAC87CF3-BD8F-4D85-A48F-03454D323C50} = {4AF93242-4990-4798-9825-7B51CA454477}
		{4978DB2F-CC49-4DA3-8B5D-E691C461B903} = {4AF93242-4990-4798-9825-7B51CA454477}
		{CC0966CF-E731-47B9-B3D6-100F0ADF8720} = {4AF93242-4990-4798-9825-7B51CA454477}
		{200A0CBD-0538-463D-B54A-1904D3C6D214} = {4AF93242-4990-4798-9825-7B51CA454477}
		{8AFDC166-F89A-4D7A-BBDF-F118E8DB09E2} = {4AF93242-4990-4798-9825-7B51CA454477}
		{1883B78D-3F93-4AA1-B355-44FABB6EB68D} = {4AF93242-4990-4798-9825-7B51CA454477}
		{C1C93407-5910-48A5-B865-4E900EA068AC} = {4AF93242-4990-4798-9825-7B51CA454477}
		{FEC493FA-B3CF-4604-A613-25543AAE8FA0} = {4AF93242-4990-4798-9825-7B51CA454477}
		{0D073D5F-149A-4CDD-B023-FB49A58685D1} = {B9220F1E-4A6E-43ED-9715-2549BA72627F}
		{7705C507-579A-411D-86F1-C8C17A9E05D6} = {0D073D5F-149A-4CDD-B023-FB49A58685D1}
		{9F871044-3295-4526-880F-AD4FD5199A9A} = {72C4E22D-86C9-4E3A-8A4F-F6D75C8D1DCE}
		{0539F852-E069-40E2-B262-41661BB11BE1} = {B8310A15-F3D2-44F3-95C0-C9287F854637}
		{93EDC214-33C3-4440-96D4-47148701FBB0} = {B8310A15-F3D2-44F3-95C0-C9287F854637}
		{3566A81F-7D19-4CED-ADA4-8667F5EB5D2A} = {B8310A15-F3D2-44F3-95C0-C9287F854637}
		{3CDE7017-9930-4488-A76D-10BD968F0E6E} = {B8310A15-F3D2-44F3-95C0-C9287F854637}
		{56F28DAB-BC8F-4870-89AB-434BB7F7BA36} = {B8310A15-F3D2-44F3-95C0-C9287F854637}
		{D58CBAE0-467A-470F-9E67-1568C84A7E71} = {B8310A15-F3D2-44F3-95C0-C9287F854637}
		{4429A3A4-B79C-46D4-8EA4-FCA0616ACC20} = {B8310A15-F3D2-44F3-95C0-C9287F854637}
		{7A9D8056-DC1C-4AC5-A03E-F4766DBC3681} = {B8310A15-F3D2-44F3-95C0-C9287F854637}
		{410FEB91-3D47-4D16-A8D6-5F80FF39C2DD} = {E9F4B0EA-950E-460C-851A-51259A8B0602}
		{76C77F8A-6B99-4716-9886-A829FCB7770C} = {E9F4B0EA-950E-460C-851A-51259A8B0602}
		{FB2EC8AF-1CD5-48B5-859D-224EFF32348E} = {E9F4B0EA-950E-460C-851A-51259A8B0602}
		{48D353BC-8A5F-43DD-9031-95730F240A0D} = {E9F4B0EA-950E-460C-851A-51259A8B0602}
		{D5710C85-5042-4AE9-91A1-F122DCF19BD0} = {E9F4B0EA-950E-460C-851A-51259A8B0602}
		{477ED60B-9B18-4FD9-AF65-CEFDAF3C323A} = {C5602EAA-7B4D-469C-8E89-6D7C17C6FDC6}
		{43FB0847-0F5E-41A4-8480-228788F06959} = {C5602EAA-7B4D-469C-8E89-6D7C17C6FDC6}
		{96F1AA5B-AF18-41E8-B87C-6193BDA9F882} = {C5602EAA-7B4D-469C-8E89-6D7C17C6FDC6}
	EndGlobalSection
	GlobalSection(ExtensibilityGlobals) = postSolution
		SolutionGuid = {68C70E1D-5441-48CF-813F-69C906241E10}
	EndGlobalSection
EndGlobal
