
Microsoft Visual Studio Solution File, Format Version 12.00
# Visual Studio Version 17
VisualStudioVersion = 17.8.34601.278
MinimumVisualStudioVersion = 10.0.40219.1
Project("{2150E333-8FDC-42A3-9474-1A3956D46DE8}") = "migrations", "migrations", "{35DEDA38-9284-453D-8965-B75DF532B525}"
EndProject
Project("{2150E333-8FDC-42A3-9474-1A3956D46DE8}") = "auth-server", "auth-server", "{C2915BDE-2C07-45D6-AB74-ADAB39E7679C}"
EndProject
Project("{2150E333-8FDC-42A3-9474-1A3956D46DE8}") = "modules", "modules", "{9344597E-F9C3-48E5-BAFA-E92CA416D435}"
EndProject
Project("{2150E333-8FDC-42A3-9474-1A3956D46DE8}") = "common", "common", "{D896B645-FFE1-45A7-8689-20ADDF42B0F6}"
EndProject
Project("{2150E333-8FDC-42A3-9474-1A3956D46DE8}") = "saas", "saas", "{E9F4B0EA-950E-460C-851A-51259A8B0602}"
EndProject
Project("{9A19103F-16F7-4668-BE54-9A1E7A4F7556}") = "LINGYUN.Abp.Saas.EntityFrameworkCore", "modules\saas\LINGYUN.Abp.Saas.EntityFrameworkCore\LINGYUN.Abp.Saas.EntityFrameworkCore.csproj", "{36415574-967B-46A0-8E64-5251F2D9B2B3}"
EndProject
Project("{9A19103F-16F7-4668-BE54-9A1E7A4F7556}") = "LINGYUN.Abp.Saas.Domain", "modules\saas\LINGYUN.Abp.Saas.Domain\LINGYUN.Abp.Saas.Domain.csproj", "{57649E49-BCD7-48A8-B0B7-9B7B8DF913F7}"
EndProject
Project("{9A19103F-16F7-4668-BE54-9A1E7A4F7556}") = "LINGYUN.Abp.Saas.Domain.Shared", "modules\saas\LINGYUN.Abp.Saas.Domain.Shared\LINGYUN.Abp.Saas.Domain.Shared.csproj", "{103F542F-3523-4FB0-95AD-3F545EBFB3EF}"
EndProject
Project("{9A19103F-16F7-4668-BE54-9A1E7A4F7556}") = "LINGYUN.Abp.Saas.HttpApi.Client", "modules\saas\LINGYUN.Abp.Saas.HttpApi.Client\LINGYUN.Abp.Saas.HttpApi.Client.csproj", "{A1FBD3E0-DD1C-4776-9375-607FEB2DD130}"
EndProject
Project("{9A19103F-16F7-4668-BE54-9A1E7A4F7556}") = "LINGYUN.Abp.Saas.Application.Contracts", "modules\saas\LINGYUN.Abp.Saas.Application.Contracts\LINGYUN.Abp.Saas.Application.Contracts.csproj", "{07215232-C829-4B5C-9062-25C1E9561682}"
EndProject
Project("{2150E333-8FDC-42A3-9474-1A3956D46DE8}") = "framework", "framework", "{B9220F1E-4A6E-43ED-9715-2549BA72627F}"
EndProject
Project("{2150E333-8FDC-42A3-9474-1A3956D46DE8}") = "tenants", "tenants", "{89BF9401-9C4F-4E58-8B77-F8A7AAB4F13B}"
EndProject
Project("{9A19103F-16F7-4668-BE54-9A1E7A4F7556}") = "LINGYUN.Abp.MultiTenancy.Editions", "framework\tenants\LINGYUN.Abp.MultiTenancy.Editions\LINGYUN.Abp.MultiTenancy.Editions.csproj", "{54F0D215-E6B5-436B-9498-06CEB0E2CABF}"
EndProject
Project("{9A19103F-16F7-4668-BE54-9A1E7A4F7556}") = "LINGYUN.Abp.Data.DbMigrator", "framework\common\LINGYUN.Abp.Data.DbMigrator\LINGYUN.Abp.Data.DbMigrator.csproj", "{9A7ED5A1-FCD6-4F54-9723-55E8AA2EC255}"
EndProject
Project("{9A19103F-16F7-4668-BE54-9A1E7A4F7556}") = "ZQH.MicroService.AuthServer.EntityFrameworkCore", "migrations\ZQH.MicroService.AuthServer.EntityFrameworkCore\ZQH.MicroService.AuthServer.EntityFrameworkCore.csproj", "{508BF4C9-EBEE-468F-8596-9427D4D22097}"
EndProject
Project("{9A19103F-16F7-4668-BE54-9A1E7A4F7556}") = "ZQH.MicroService.AuthServer.DbMigrator", "migrations\ZQH.MicroService.AuthServer.DbMigrator\ZQH.MicroService.AuthServer.DbMigrator.csproj", "{E2993C51-C0F1-48C8-9A11-40CB9B9EB5B9}"
EndProject
Project("{2150E333-8FDC-42A3-9474-1A3956D46DE8}") = "identity", "identity", "{B8310A15-F3D2-44F3-95C0-C9287F854637}"
EndProject
Project("{9A19103F-16F7-4668-BE54-9A1E7A4F7556}") = "LINGYUN.Abp.Identity.Application", "modules\identity\LINGYUN.Abp.Identity.Application\LINGYUN.Abp.Identity.Application.csproj", "{CE1A57EB-451F-4472-8B4A-85ADC7F4B87A}"
EndProject
Project("{9A19103F-16F7-4668-BE54-9A1E7A4F7556}") = "LINGYUN.Abp.Identity.Application.Contracts", "modules\identity\LINGYUN.Abp.Identity.Application.Contracts\LINGYUN.Abp.Identity.Application.Contracts.csproj", "{0A6F37AF-3DEF-4634-BAE9-13E5A2912352}"
EndProject
Project("{9A19103F-16F7-4668-BE54-9A1E7A4F7556}") = "LINGYUN.Abp.Identity.Domain", "modules\identity\LINGYUN.Abp.Identity.Domain\LINGYUN.Abp.Identity.Domain.csproj", "{0ABDB485-C58E-4924-8E9B-0980A0CA40A1}"
EndProject
Project("{9A19103F-16F7-4668-BE54-9A1E7A4F7556}") = "LINGYUN.Abp.Identity.Domain.Shared", "modules\identity\LINGYUN.Abp.Identity.Domain.Shared\LINGYUN.Abp.Identity.Domain.Shared.csproj", "{71802A4D-41FB-4956-B8FF-03309AB0717E}"
EndProject
Project("{9A19103F-16F7-4668-BE54-9A1E7A4F7556}") = "LINGYUN.Abp.Identity.EntityFrameworkCore", "modules\identity\LINGYUN.Abp.Identity.EntityFrameworkCore\LINGYUN.Abp.Identity.EntityFrameworkCore.csproj", "{740423CD-7E6C-425E-9F35-5FBE2F582F63}"
EndProject
Project("{9A19103F-16F7-4668-BE54-9A1E7A4F7556}") = "LINGYUN.Abp.Identity.HttpApi", "modules\identity\LINGYUN.Abp.Identity.HttpApi\LINGYUN.Abp.Identity.HttpApi.csproj", "{DDF2F98C-91A7-436F-8FBB-0017CA50C6C6}"
EndProject
Project("{9A19103F-16F7-4668-BE54-9A1E7A4F7556}") = "LINGYUN.Abp.Identity.HttpApi.Client", "modules\identity\LINGYUN.Abp.Identity.HttpApi.Client\LINGYUN.Abp.Identity.HttpApi.Client.csproj", "{E4A78D04-34FA-4D6F-B6F6-C105792D934A}"
EndProject
Project("{9A19103F-16F7-4668-BE54-9A1E7A4F7556}") = "LINGYUN.Abp.Identity.OrganizaztionUnits", "modules\identity\LINGYUN.Abp.Identity.OrganizaztionUnits\LINGYUN.Abp.Identity.OrganizaztionUnits.csproj", "{12F772F7-3EA6-46BB-908D-E75B5E6D10E2}"
EndProject
Project("{2150E333-8FDC-42A3-9474-1A3956D46DE8}") = "authorization", "authorization", "{72C4E22D-86C9-4E3A-8A4F-F6D75C8D1DCE}"
EndProject
Project("{9A19103F-16F7-4668-BE54-9A1E7A4F7556}") = "LINGYUN.Abp.Authorization.OrganizationUnits", "framework\authorization\LINGYUN.Abp.Authorization.OrganizationUnits\LINGYUN.Abp.Authorization.OrganizationUnits.csproj", "{64BFE92A-14AF-4D67-BC21-7F663D69771B}"
EndProject
Project("{2150E333-8FDC-42A3-9474-1A3956D46DE8}") = "text-templating", "text-templating", "{C5602EAA-7B4D-469C-8E89-6D7C17C6FDC6}"
EndProject
Project("{9A19103F-16F7-4668-BE54-9A1E7A4F7556}") = "LINGYUN.Abp.TextTemplating.EntityFrameworkCore", "modules\text-templating\LINGYUN.Abp.TextTemplating.EntityFrameworkCore\LINGYUN.Abp.TextTemplating.EntityFrameworkCore.csproj", "{FDF6B940-A25A-4C55-8B75-7AEBFC744FF5}"
EndProject
Project("{9A19103F-16F7-4668-BE54-9A1E7A4F7556}") = "LINGYUN.Abp.TextTemplating.Domain", "modules\text-templating\LINGYUN.Abp.TextTemplating.Domain\LINGYUN.Abp.TextTemplating.Domain.csproj", "{EBE808DD-E6D2-47E4-8C3E-CFBBD2C0389B}"
EndProject
Project("{9A19103F-16F7-4668-BE54-9A1E7A4F7556}") = "LINGYUN.Abp.TextTemplating.Domain.Shared", "modules\text-templating\LINGYUN.Abp.TextTemplating.Domain.Shared\LINGYUN.Abp.TextTemplating.Domain.Shared.csproj", "{C8BAC9B3-11E1-4F96-AC5A-EAA51C38BC93}"
EndProject
Global
	GlobalSection(SolutionConfigurationPlatforms) = preSolution
		Debug|Any CPU = Debug|Any CPU
		Release|Any CPU = Release|Any CPU
	EndGlobalSection
	GlobalSection(ProjectConfigurationPlatforms) = postSolution
		{36415574-967B-46A0-8E64-5251F2D9B2B3}.Debug|Any CPU.ActiveCfg = Debug|Any CPU
		{36415574-967B-46A0-8E64-5251F2D9B2B3}.Debug|Any CPU.Build.0 = Debug|Any CPU
		{36415574-967B-46A0-8E64-5251F2D9B2B3}.Release|Any CPU.ActiveCfg = Release|Any CPU
		{36415574-967B-46A0-8E64-5251F2D9B2B3}.Release|Any CPU.Build.0 = Release|Any CPU
		{57649E49-BCD7-48A8-B0B7-9B7B8DF913F7}.Debug|Any CPU.ActiveCfg = Debug|Any CPU
		{57649E49-BCD7-48A8-B0B7-9B7B8DF913F7}.Debug|Any CPU.Build.0 = Debug|Any CPU
		{57649E49-BCD7-48A8-B0B7-9B7B8DF913F7}.Release|Any CPU.ActiveCfg = Release|Any CPU
		{57649E49-BCD7-48A8-B0B7-9B7B8DF913F7}.Release|Any CPU.Build.0 = Release|Any CPU
		{103F542F-3523-4FB0-95AD-3F545EBFB3EF}.Debug|Any CPU.ActiveCfg = Debug|Any CPU
		{103F542F-3523-4FB0-95AD-3F545EBFB3EF}.Debug|Any CPU.Build.0 = Debug|Any CPU
		{103F542F-3523-4FB0-95AD-3F545EBFB3EF}.Release|Any CPU.ActiveCfg = Release|Any CPU
		{103F542F-3523-4FB0-95AD-3F545EBFB3EF}.Release|Any CPU.Build.0 = Release|Any CPU
		{A1FBD3E0-DD1C-4776-9375-607FEB2DD130}.Debug|Any CPU.ActiveCfg = Debug|Any CPU
		{A1FBD3E0-DD1C-4776-9375-607FEB2DD130}.Debug|Any CPU.Build.0 = Debug|Any CPU
		{A1FBD3E0-DD1C-4776-9375-607FEB2DD130}.Release|Any CPU.ActiveCfg = Release|Any CPU
		{A1FBD3E0-DD1C-4776-9375-607FEB2DD130}.Release|Any CPU.Build.0 = Release|Any CPU
		{07215232-C829-4B5C-9062-25C1E9561682}.Debug|Any CPU.ActiveCfg = Debug|Any CPU
		{07215232-C829-4B5C-9062-25C1E9561682}.Debug|Any CPU.Build.0 = Debug|Any CPU
		{07215232-C829-4B5C-9062-25C1E9561682}.Release|Any CPU.ActiveCfg = Release|Any CPU
		{07215232-C829-4B5C-9062-25C1E9561682}.Release|Any CPU.Build.0 = Release|Any CPU
		{54F0D215-E6B5-436B-9498-06CEB0E2CABF}.Debug|Any CPU.ActiveCfg = Debug|Any CPU
		{54F0D215-E6B5-436B-9498-06CEB0E2CABF}.Debug|Any CPU.Build.0 = Debug|Any CPU
		{54F0D215-E6B5-436B-9498-06CEB0E2CABF}.Release|Any CPU.ActiveCfg = Release|Any CPU
		{54F0D215-E6B5-436B-9498-06CEB0E2CABF}.Release|Any CPU.Build.0 = Release|Any CPU
		{9A7ED5A1-FCD6-4F54-9723-55E8AA2EC255}.Debug|Any CPU.ActiveCfg = Debug|Any CPU
		{9A7ED5A1-FCD6-4F54-9723-55E8AA2EC255}.Debug|Any CPU.Build.0 = Debug|Any CPU
		{9A7ED5A1-FCD6-4F54-9723-55E8AA2EC255}.Release|Any CPU.ActiveCfg = Release|Any CPU
		{9A7ED5A1-FCD6-4F54-9723-55E8AA2EC255}.Release|Any CPU.Build.0 = Release|Any CPU
		{508BF4C9-EBEE-468F-8596-9427D4D22097}.Debug|Any CPU.ActiveCfg = Debug|Any CPU
		{508BF4C9-EBEE-468F-8596-9427D4D22097}.Debug|Any CPU.Build.0 = Debug|Any CPU
		{508BF4C9-EBEE-468F-8596-9427D4D22097}.Release|Any CPU.ActiveCfg = Release|Any CPU
		{508BF4C9-EBEE-468F-8596-9427D4D22097}.Release|Any CPU.Build.0 = Release|Any CPU
		{E2993C51-C0F1-48C8-9A11-40CB9B9EB5B9}.Debug|Any CPU.ActiveCfg = Debug|Any CPU
		{E2993C51-C0F1-48C8-9A11-40CB9B9EB5B9}.Debug|Any CPU.Build.0 = Debug|Any CPU
		{E2993C51-C0F1-48C8-9A11-40CB9B9EB5B9}.Release|Any CPU.ActiveCfg = Release|Any CPU
		{E2993C51-C0F1-48C8-9A11-40CB9B9EB5B9}.Release|Any CPU.Build.0 = Release|Any CPU
		{CE1A57EB-451F-4472-8B4A-85ADC7F4B87A}.Debug|Any CPU.ActiveCfg = Debug|Any CPU
		{CE1A57EB-451F-4472-8B4A-85ADC7F4B87A}.Debug|Any CPU.Build.0 = Debug|Any CPU
		{CE1A57EB-451F-4472-8B4A-85ADC7F4B87A}.Release|Any CPU.ActiveCfg = Release|Any CPU
		{CE1A57EB-451F-4472-8B4A-85ADC7F4B87A}.Release|Any CPU.Build.0 = Release|Any CPU
		{0A6F37AF-3DEF-4634-BAE9-13E5A2912352}.Debug|Any CPU.ActiveCfg = Debug|Any CPU
		{0A6F37AF-3DEF-4634-BAE9-13E5A2912352}.Debug|Any CPU.Build.0 = Debug|Any CPU
		{0A6F37AF-3DEF-4634-BAE9-13E5A2912352}.Release|Any CPU.ActiveCfg = Release|Any CPU
		{0A6F37AF-3DEF-4634-BAE9-13E5A2912352}.Release|Any CPU.Build.0 = Release|Any CPU
		{0ABDB485-C58E-4924-8E9B-0980A0CA40A1}.Debug|Any CPU.ActiveCfg = Debug|Any CPU
		{0ABDB485-C58E-4924-8E9B-0980A0CA40A1}.Debug|Any CPU.Build.0 = Debug|Any CPU
		{0ABDB485-C58E-4924-8E9B-0980A0CA40A1}.Release|Any CPU.ActiveCfg = Release|Any CPU
		{0ABDB485-C58E-4924-8E9B-0980A0CA40A1}.Release|Any CPU.Build.0 = Release|Any CPU
		{71802A4D-41FB-4956-B8FF-03309AB0717E}.Debug|Any CPU.ActiveCfg = Debug|Any CPU
		{71802A4D-41FB-4956-B8FF-03309AB0717E}.Debug|Any CPU.Build.0 = Debug|Any CPU
		{71802A4D-41FB-4956-B8FF-03309AB0717E}.Release|Any CPU.ActiveCfg = Release|Any CPU
		{71802A4D-41FB-4956-B8FF-03309AB0717E}.Release|Any CPU.Build.0 = Release|Any CPU
		{740423CD-7E6C-425E-9F35-5FBE2F582F63}.Debug|Any CPU.ActiveCfg = Debug|Any CPU
		{740423CD-7E6C-425E-9F35-5FBE2F582F63}.Debug|Any CPU.Build.0 = Debug|Any CPU
		{740423CD-7E6C-425E-9F35-5FBE2F582F63}.Release|Any CPU.ActiveCfg = Release|Any CPU
		{740423CD-7E6C-425E-9F35-5FBE2F582F63}.Release|Any CPU.Build.0 = Release|Any CPU
		{DDF2F98C-91A7-436F-8FBB-0017CA50C6C6}.Debug|Any CPU.ActiveCfg = Debug|Any CPU
		{DDF2F98C-91A7-436F-8FBB-0017CA50C6C6}.Debug|Any CPU.Build.0 = Debug|Any CPU
		{DDF2F98C-91A7-436F-8FBB-0017CA50C6C6}.Release|Any CPU.ActiveCfg = Release|Any CPU
		{DDF2F98C-91A7-436F-8FBB-0017CA50C6C6}.Release|Any CPU.Build.0 = Release|Any CPU
		{E4A78D04-34FA-4D6F-B6F6-C105792D934A}.Debug|Any CPU.ActiveCfg = Debug|Any CPU
		{E4A78D04-34FA-4D6F-B6F6-C105792D934A}.Debug|Any CPU.Build.0 = Debug|Any CPU
		{E4A78D04-34FA-4D6F-B6F6-C105792D934A}.Release|Any CPU.ActiveCfg = Release|Any CPU
		{E4A78D04-34FA-4D6F-B6F6-C105792D934A}.Release|Any CPU.Build.0 = Release|Any CPU
		{12F772F7-3EA6-46BB-908D-E75B5E6D10E2}.Debug|Any CPU.ActiveCfg = Debug|Any CPU
		{12F772F7-3EA6-46BB-908D-E75B5E6D10E2}.Debug|Any CPU.Build.0 = Debug|Any CPU
		{12F772F7-3EA6-46BB-908D-E75B5E6D10E2}.Release|Any CPU.ActiveCfg = Release|Any CPU
		{12F772F7-3EA6-46BB-908D-E75B5E6D10E2}.Release|Any CPU.Build.0 = Release|Any CPU
		{64BFE92A-14AF-4D67-BC21-7F663D69771B}.Debug|Any CPU.ActiveCfg = Debug|Any CPU
		{64BFE92A-14AF-4D67-BC21-7F663D69771B}.Debug|Any CPU.Build.0 = Debug|Any CPU
		{64BFE92A-14AF-4D67-BC21-7F663D69771B}.Release|Any CPU.ActiveCfg = Release|Any CPU
		{64BFE92A-14AF-4D67-BC21-7F663D69771B}.Release|Any CPU.Build.0 = Release|Any CPU
		{FDF6B940-A25A-4C55-8B75-7AEBFC744FF5}.Debug|Any CPU.ActiveCfg = Debug|Any CPU
		{FDF6B940-A25A-4C55-8B75-7AEBFC744FF5}.Debug|Any CPU.Build.0 = Debug|Any CPU
		{FDF6B940-A25A-4C55-8B75-7AEBFC744FF5}.Release|Any CPU.ActiveCfg = Release|Any CPU
		{FDF6B940-A25A-4C55-8B75-7AEBFC744FF5}.Release|Any CPU.Build.0 = Release|Any CPU
		{EBE808DD-E6D2-47E4-8C3E-CFBBD2C0389B}.Debug|Any CPU.ActiveCfg = Debug|Any CPU
		{EBE808DD-E6D2-47E4-8C3E-CFBBD2C0389B}.Debug|Any CPU.Build.0 = Debug|Any CPU
		{EBE808DD-E6D2-47E4-8C3E-CFBBD2C0389B}.Release|Any CPU.ActiveCfg = Release|Any CPU
		{EBE808DD-E6D2-47E4-8C3E-CFBBD2C0389B}.Release|Any CPU.Build.0 = Release|Any CPU
		{C8BAC9B3-11E1-4F96-AC5A-EAA51C38BC93}.Debug|Any CPU.ActiveCfg = Debug|Any CPU
		{C8BAC9B3-11E1-4F96-AC5A-EAA51C38BC93}.Debug|Any CPU.Build.0 = Debug|Any CPU
		{C8BAC9B3-11E1-4F96-AC5A-EAA51C38BC93}.Release|Any CPU.ActiveCfg = Release|Any CPU
		{C8BAC9B3-11E1-4F96-AC5A-EAA51C38BC93}.Release|Any CPU.Build.0 = Release|Any CPU
	EndGlobalSection
	GlobalSection(SolutionProperties) = preSolution
		HideSolutionNode = FALSE
	EndGlobalSection
	GlobalSection(NestedProjects) = preSolution
		{C2915BDE-2C07-45D6-AB74-ADAB39E7679C} = {35DEDA38-9284-453D-8965-B75DF532B525}
		{D896B645-FFE1-45A7-8689-20ADDF42B0F6} = {9344597E-F9C3-48E5-BAFA-E92CA416D435}
		{E9F4B0EA-950E-460C-851A-51259A8B0602} = {9344597E-F9C3-48E5-BAFA-E92CA416D435}
		{36415574-967B-46A0-8E64-5251F2D9B2B3} = {E9F4B0EA-950E-460C-851A-51259A8B0602}
		{57649E49-BCD7-48A8-B0B7-9B7B8DF913F7} = {E9F4B0EA-950E-460C-851A-51259A8B0602}
		{103F542F-3523-4FB0-95AD-3F545EBFB3EF} = {E9F4B0EA-950E-460C-851A-51259A8B0602}
		{A1FBD3E0-DD1C-4776-9375-607FEB2DD130} = {E9F4B0EA-950E-460C-851A-51259A8B0602}
		{07215232-C829-4B5C-9062-25C1E9561682} = {E9F4B0EA-950E-460C-851A-51259A8B0602}
		{89BF9401-9C4F-4E58-8B77-F8A7AAB4F13B} = {B9220F1E-4A6E-43ED-9715-2549BA72627F}
		{54F0D215-E6B5-436B-9498-06CEB0E2CABF} = {89BF9401-9C4F-4E58-8B77-F8A7AAB4F13B}
		{9A7ED5A1-FCD6-4F54-9723-55E8AA2EC255} = {D896B645-FFE1-45A7-8689-20ADDF42B0F6}
		{508BF4C9-EBEE-468F-8596-9427D4D22097} = {C2915BDE-2C07-45D6-AB74-ADAB39E7679C}
		{E2993C51-C0F1-48C8-9A11-40CB9B9EB5B9} = {C2915BDE-2C07-45D6-AB74-ADAB39E7679C}
		{B8310A15-F3D2-44F3-95C0-C9287F854637} = {9344597E-F9C3-48E5-BAFA-E92CA416D435}
		{CE1A57EB-451F-4472-8B4A-85ADC7F4B87A} = {B8310A15-F3D2-44F3-95C0-C9287F854637}
		{0A6F37AF-3DEF-4634-BAE9-13E5A2912352} = {B8310A15-F3D2-44F3-95C0-C9287F854637}
		{0ABDB485-C58E-4924-8E9B-0980A0CA40A1} = {B8310A15-F3D2-44F3-95C0-C9287F854637}
		{71802A4D-41FB-4956-B8FF-03309AB0717E} = {B8310A15-F3D2-44F3-95C0-C9287F854637}
		{740423CD-7E6C-425E-9F35-5FBE2F582F63} = {B8310A15-F3D2-44F3-95C0-C9287F854637}
		{DDF2F98C-91A7-436F-8FBB-0017CA50C6C6} = {B8310A15-F3D2-44F3-95C0-C9287F854637}
		{E4A78D04-34FA-4D6F-B6F6-C105792D934A} = {B8310A15-F3D2-44F3-95C0-C9287F854637}
		{12F772F7-3EA6-46BB-908D-E75B5E6D10E2} = {B8310A15-F3D2-44F3-95C0-C9287F854637}
		{72C4E22D-86C9-4E3A-8A4F-F6D75C8D1DCE} = {B9220F1E-4A6E-43ED-9715-2549BA72627F}
		{64BFE92A-14AF-4D67-BC21-7F663D69771B} = {72C4E22D-86C9-4E3A-8A4F-F6D75C8D1DCE}
		{C5602EAA-7B4D-469C-8E89-6D7C17C6FDC6} = {9344597E-F9C3-48E5-BAFA-E92CA416D435}
		{FDF6B940-A25A-4C55-8B75-7AEBFC744FF5} = {C5602EAA-7B4D-469C-8E89-6D7C17C6FDC6}
		{EBE808DD-E6D2-47E4-8C3E-CFBBD2C0389B} = {C5602EAA-7B4D-469C-8E89-6D7C17C6FDC6}
		{C8BAC9B3-11E1-4F96-AC5A-EAA51C38BC93} = {C5602EAA-7B4D-469C-8E89-6D7C17C6FDC6}
	EndGlobalSection
	GlobalSection(ExtensibilityGlobals) = postSolution
		SolutionGuid = {68C70E1D-5441-48CF-813F-69C906241E10}
	EndGlobalSection
EndGlobal
